// !$*UTF8*$!
{
	archiveVersion = 1;
	classes = {
	};
	objectVersion = 46;
	objects = {

/* Begin PBXBuildFile section */
		8403D66E1C56029400774406 /* main.m in Sources */ = {isa = PBXBuildFile; fileRef = 8403D66D1C56029400774406 /* main.m */; };
		8403D6711C56029400774406 /* AppDelegate.m in Sources */ = {isa = PBXBuildFile; fileRef = 8403D6701C56029400774406 /* AppDelegate.m */; };
		8403D6741C56029400774406 /* ViewController.m in Sources */ = {isa = PBXBuildFile; fileRef = 8403D6731C56029400774406 /* ViewController.m */; };
		8403D6771C56029400774406 /* Main.storyboard in Resources */ = {isa = PBXBuildFile; fileRef = 8403D6751C56029400774406 /* Main.storyboard */; };
		8403D6791C56029400774406 /* Assets.xcassets in Resources */ = {isa = PBXBuildFile; fileRef = 8403D6781C56029400774406 /* Assets.xcassets */; };
		8403D67C1C56029400774406 /* LaunchScreen.storyboard in Resources */ = {isa = PBXBuildFile; fileRef = 8403D67A1C56029400774406 /* LaunchScreen.storyboard */; };
		8403D6891C56056C00774406 /* DDHomeCategoryCell.xib in Resources */ = {isa = PBXBuildFile; fileRef = 8403D6861C56056C00774406 /* DDHomeCategoryCell.xib */; };
		8403D68A1C56056C00774406 /* DDHomeCategoryCell.m in Sources */ = {isa = PBXBuildFile; fileRef = 8403D6881C56056C00774406 /* DDHomeCategoryCell.m */; };
		8403D68E1C56109A00774406 /* DDThemeCell.m in Sources */ = {isa = PBXBuildFile; fileRef = 8403D68C1C56109A00774406 /* DDThemeCell.m */; };
		8403D68F1C56109A00774406 /* DDThemeCell.xib in Resources */ = {isa = PBXBuildFile; fileRef = 8403D68D1C56109A00774406 /* DDThemeCell.xib */; };
		D4288540CE35F5ED857B8D2B /* libPods.a in Frameworks */ = {isa = PBXBuildFile; fileRef = 64B06422D100E4B590B396CC /* libPods.a */; };
/* End PBXBuildFile section */

/* Begin PBXFileReference section */
		64B06422D100E4B590B396CC /* libPods.a */ = {isa = PBXFileReference; explicitFileType = archive.ar; includeInIndex = 0; path = libPods.a; sourceTree = BUILT_PRODUCTS_DIR; };
		8403D6691C56029400774406 /* TTXMCollectionViewDemo.app */ = {isa = PBXFileReference; explicitFileType = wrapper.application; includeInIndex = 0; path = TTXMCollectionViewDemo.app; sourceTree = BUILT_PRODUCTS_DIR; };
		8403D66D1C56029400774406 /* main.m */ = {isa = PBXFileReference; lastKnownFileType = sourcecode.c.objc; path = main.m; sourceTree = "<group>"; };
		8403D66F1C56029400774406 /* AppDelegate.h */ = {isa = PBXFileReference; lastKnownFileType = sourcecode.c.h; path = AppDelegate.h; sourceTree = "<group>"; };
		8403D6701C56029400774406 /* AppDelegate.m */ = {isa = PBXFileReference; lastKnownFileType = sourcecode.c.objc; path = AppDelegate.m; sourceTree = "<group>"; };
		8403D6721C56029400774406 /* ViewController.h */ = {isa = PBXFileReference; lastKnownFileType = sourcecode.c.h; path = ViewController.h; sourceTree = "<group>"; };
		8403D6731C56029400774406 /* ViewController.m */ = {isa = PBXFileReference; lastKnownFileType = sourcecode.c.objc; path = ViewController.m; sourceTree = "<group>"; };
		8403D6761C56029400774406 /* Base */ = {isa = PBXFileReference; lastKnownFileType = file.storyboard; name = Base; path = Base.lproj/Main.storyboard; sourceTree = "<group>"; };
		8403D6781C56029400774406 /* Assets.xcassets */ = {isa = PBXFileReference; lastKnownFileType = folder.assetcatalog; path = Assets.xcassets; sourceTree = "<group>"; };
		8403D67B1C56029400774406 /* Base */ = {isa = PBXFileReference; lastKnownFileType = file.storyboard; name = Base; path = Base.lproj/LaunchScreen.storyboard; sourceTree = "<group>"; };
		8403D67D1C56029400774406 /* Info.plist */ = {isa = PBXFileReference; lastKnownFileType = text.plist.xml; path = Info.plist; sourceTree = "<group>"; };
		8403D6861C56056C00774406 /* DDHomeCategoryCell.xib */ = {isa = PBXFileReference; fileEncoding = 4; lastKnownFileType = file.xib; path = DDHomeCategoryCell.xib; sourceTree = "<group>"; };
		8403D6871C56056C00774406 /* DDHomeCategoryCell.h */ = {isa = PBXFileReference; fileEncoding = 4; lastKnownFileType = sourcecode.c.h; path = DDHomeCategoryCell.h; sourceTree = "<group>"; };
		8403D6881C56056C00774406 /* DDHomeCategoryCell.m */ = {isa = PBXFileReference; fileEncoding = 4; lastKnownFileType = sourcecode.c.objc; path = DDHomeCategoryCell.m; sourceTree = "<group>"; };
		8403D68B1C56109A00774406 /* DDThemeCell.h */ = {isa = PBXFileReference; fileEncoding = 4; lastKnownFileType = sourcecode.c.h; path = DDThemeCell.h; sourceTree = "<group>"; };
		8403D68C1C56109A00774406 /* DDThemeCell.m */ = {isa = PBXFileReference; fileEncoding = 4; lastKnownFileType = sourcecode.c.objc; path = DDThemeCell.m; sourceTree = "<group>"; };
		8403D68D1C56109A00774406 /* DDThemeCell.xib */ = {isa = PBXFileReference; fileEncoding = 4; lastKnownFileType = file.xib; path = DDThemeCell.xib; sourceTree = "<group>"; };
		9C90C1D5945FB2CDFF76E853 /* Pods.debug.xcconfig */ = {isa = PBXFileReference; includeInIndex = 1; lastKnownFileType = text.xcconfig; name = Pods.debug.xcconfig; path = "Pods/Target Support Files/Pods/Pods.debug.xcconfig"; sourceTree = "<group>"; };
		F03E60B44C3171A5FC6CB518 /* Pods.release.xcconfig */ = {isa = PBXFileReference; includeInIndex = 1; lastKnownFileType = text.xcconfig; name = Pods.release.xcconfig; path = "Pods/Target Support Files/Pods/Pods.release.xcconfig"; sourceTree = "<group>"; };
/* End PBXFileReference section */

/* Begin PBXFrameworksBuildPhase section */
		8403D6661C56029400774406 /* Frameworks */ = {
			isa = PBXFrameworksBuildPhase;
			buildActionMask = 2147483647;
			files = (
				D4288540CE35F5ED857B8D2B /* libPods.a in Frameworks */,
			);
			runOnlyForDeploymentPostprocessing = 0;
		};
/* End PBXFrameworksBuildPhase section */

/* Begin PBXGroup section */
		6E33E2E9F5A1F1491BDB332F /* Pods */ = {
			isa = PBXGroup;
			children = (
				9C90C1D5945FB2CDFF76E853 /* Pods.debug.xcconfig */,
				F03E60B44C3171A5FC6CB518 /* Pods.release.xcconfig */,
			);
			name = Pods;
			sourceTree = "<group>";
		};
		8403D6601C56029400774406 = {
			isa = PBXGroup;
			children = (
				8403D66B1C56029400774406 /* TTXMCollectionViewDemo */,
				8403D66A1C56029400774406 /* Products */,
				6E33E2E9F5A1F1491BDB332F /* Pods */,
				C1300ECAC6648FA21D532C7E /* Frameworks */,
			);
			sourceTree = "<group>";
		};
		8403D66A1C56029400774406 /* Products */ = {
			isa = PBXGroup;
			children = (
				8403D6691C56029400774406 /* TTXMCollectionViewDemo.app */,
			);
			name = Products;
			sourceTree = "<group>";
		};
		8403D66B1C56029400774406 /* TTXMCollectionViewDemo */ = {
			isa = PBXGroup;
			children = (
				8403D6851C56055B00774406 /* M */,
				8403D6841C56055700774406 /* V */,
				8403D6831C56055000774406 /* C */,
				8403D66F1C56029400774406 /* AppDelegate.h */,
				8403D6701C56029400774406 /* AppDelegate.m */,
				8403D6751C56029400774406 /* Main.storyboard */,
				8403D6781C56029400774406 /* Assets.xcassets */,
				8403D67A1C56029400774406 /* LaunchScreen.storyboard */,
				8403D67D1C56029400774406 /* Info.plist */,
				8403D66C1C56029400774406 /* Supporting Files */,
			);
			path = TTXMCollectionViewDemo;
			sourceTree = "<group>";
		};
		8403D66C1C56029400774406 /* Supporting Files */ = {
			isa = PBXGroup;
			children = (
				8403D66D1C56029400774406 /* main.m */,
			);
			name = "Supporting Files";
			sourceTree = "<group>";
		};
		8403D6831C56055000774406 /* C */ = {
			isa = PBXGroup;
			children = (
				8403D6721C56029400774406 /* ViewController.h */,
				8403D6731C56029400774406 /* ViewController.m */,
			);
			name = C;
			sourceTree = "<group>";
		};
		8403D6841C56055700774406 /* V */ = {
			isa = PBXGroup;
			children = (
				8403D6861C56056C00774406 /* DDHomeCategoryCell.xib */,
				8403D6871C56056C00774406 /* DDHomeCategoryCell.h */,
				8403D6881C56056C00774406 /* DDHomeCategoryCell.m */,
				8403D68B1C56109A00774406 /* DDThemeCell.h */,
				8403D68C1C56109A00774406 /* DDThemeCell.m */,
				8403D68D1C56109A00774406 /* DDThemeCell.xib */,
			);
			name = V;
			sourceTree = "<group>";
		};
		8403D6851C56055B00774406 /* M */ = {
			isa = PBXGroup;
			children = (
			);
			name = M;
			sourceTree = "<group>";
		};
		C1300ECAC6648FA21D532C7E /* Frameworks */ = {
			isa = PBXGroup;
			children = (
				64B06422D100E4B590B396CC /* libPods.a */,
			);
			name = Frameworks;
			sourceTree = "<group>";
		};
/* End PBXGroup section */

/* Begin PBXNativeTarget section */
		8403D6681C56029400774406 /* TTXMCollectionViewDemo */ = {
			isa = PBXNativeTarget;
			buildConfigurationList = 8403D6801C56029400774406 /* Build configuration list for PBXNativeTarget "TTXMCollectionViewDemo" */;
			buildPhases = (
				E17BD2913AEC77E8062EC224 /* Check Pods Manifest.lock */,
				8403D6651C56029400774406 /* Sources */,
				8403D6661C56029400774406 /* Frameworks */,
				8403D6671C56029400774406 /* Resources */,
				85C252AF811340DFE10A6763 /* Copy Pods Resources */,
			);
			buildRules = (
			);
			dependencies = (
			);
			name = TTXMCollectionViewDemo;
			productName = TTXMCollectionViewDemo;
			productReference = 8403D6691C56029400774406 /* TTXMCollectionViewDemo.app */;
			productType = "com.apple.product-type.application";
		};
/* End PBXNativeTarget section */

/* Begin PBXProject section */
		8403D6611C56029400774406 /* Project object */ = {
			isa = PBXProject;
			attributes = {
				LastUpgradeCheck = 0720;
				ORGANIZATIONNAME = taitanxiami;
				TargetAttributes = {
					8403D6681C56029400774406 = {
						CreatedOnToolsVersion = 7.2;
					};
				};
			};
			buildConfigurationList = 8403D6641C56029400774406 /* Build configuration list for PBXProject "TTXMCollectionViewDemo" */;
			compatibilityVersion = "Xcode 3.2";
			developmentRegion = English;
			hasScannedForEncodings = 0;
			knownRegions = (
				en,
				Base,
			);
			mainGroup = 8403D6601C56029400774406;
			productRefGroup = 8403D66A1C56029400774406 /* Products */;
			projectDirPath = "";
			projectRoot = "";
			targets = (
				8403D6681C56029400774406 /* TTXMCollectionViewDemo */,
			);
		};
/* End PBXProject section */

/* Begin PBXResourcesBuildPhase section */
		8403D6671C56029400774406 /* Resources */ = {
			isa = PBXResourcesBuildPhase;
			buildActionMask = 2147483647;
			files = (
				8403D67C1C56029400774406 /* LaunchScreen.storyboard in Resources */,
				8403D6791C56029400774406 /* Assets.xcassets in Resources */,
				8403D6891C56056C00774406 /* DDHomeCategoryCell.xib in Resources */,
				8403D6771C56029400774406 /* Main.storyboard in Resources */,
				8403D68F1C56109A00774406 /* DDThemeCell.xib in Resources */,
			);
			runOnlyForDeploymentPostprocessing = 0;
		};
/* End PBXResourcesBuildPhase section */

/* Begin PBXShellScriptBuildPhase section */
		85C252AF811340DFE10A6763 /* Copy Pods Resources */ = {
			isa = PBXShellScriptBuildPhase;
			buildActionMask = 2147483647;
			files = (
			);
			inputPaths = (
			);
			name = "Copy Pods Resources";
			outputPaths = (
			);
			runOnlyForDeploymentPostprocessing = 0;
			shellPath = /bin/sh;
			shellScript = "\"${SRCROOT}/Pods/Target Support Files/Pods/Pods-resources.sh\"\n";
			showEnvVarsInLog = 0;
		};
		E17BD2913AEC77E8062EC224 /* Check Pods Manifest.lock */ = {
			isa = PBXShellScriptBuildPhase;
			buildActionMask = 2147483647;
			files = (
			);
			inputPaths = (
			);
			name = "Check Pods Manifest.lock";
			outputPaths = (
			);
			runOnlyForDeploymentPostprocessing = 0;
			shellPath = /bin/sh;
			shellScript = "diff \"${PODS_ROOT}/../Podfile.lock\" \"${PODS_ROOT}/Manifest.lock\" > /dev/null\nif [[ $? != 0 ]] ; then\n    cat << EOM\nerror: The sandbox is not in sync with the Podfile.lock. Run 'pod install' or update your CocoaPods installation.\nEOM\n    exit 1\nfi\n";
			showEnvVarsInLog = 0;
		};
/* End PBXShellScriptBuildPhase section */

/* Begin PBXSourcesBuildPhase section */
		8403D6651C56029400774406 /* Sources */ = {
			isa = PBXSourcesBuildPhase;
			buildActionMask = 2147483647;
			files = (
				8403D6741C56029400774406 /* ViewController.m in Sources */,
				8403D6711C56029400774406 /* AppDelegate.m in Sources */,
				8403D68A1C56056C00774406 /* DDHomeCategoryCell.m in Sources */,
				8403D68E1C56109A00774406 /* DDThemeCell.m in Sources */,
				8403D66E1C56029400774406 /* main.m in Sources */,
			);
			runOnlyForDeploymentPostprocessing = 0;
		};
/* End PBXSourcesBuildPhase section */

/* Begin PBXVariantGroup section */
		8403D6751C56029400774406 /* Main.storyboard */ = {
			isa = PBXVariantGroup;
			children = (
				8403D6761C56029400774406 /* Base */,
			);
			name = Main.storyboard;
			sourceTree = "<group>";
		};
		8403D67A1C56029400774406 /* LaunchScreen.storyboard */ = {
			isa = PBXVariantGroup;
			children = (
				8403D67B1C56029400774406 /* Base */,
			);
			name = LaunchScreen.storyboard;
			sourceTree = "<group>";
		};
/* End PBXVariantGroup section */

/* Begin XCBuildConfiguration section */
		8403D67E1C56029400774406 /* Debug */ = {
			isa = XCBuildConfiguration;
			buildSettings = {
				ALWAYS_SEARCH_USER_PATHS = NO;
				CLANG_CXX_LANGUAGE_STANDARD = "gnu++0x";
				CLANG_CXX_LIBRARY = "libc++";
				CLANG_ENABLE_MODULES = YES;
				CLANG_ENABLE_OBJC_ARC = YES;
				CLANG_WARN_BOOL_CONVERSION = YES;
				CLANG_WARN_CONSTANT_CONVERSION = YES;
				CLANG_WARN_DIRECT_OBJC_ISA_USAGE = YES_ERROR;
				CLANG_WARN_EMPTY_BODY = YES;
				CLANG_WARN_ENUM_CONVERSION = YES;
				CLANG_WARN_INT_CONVERSION = YES;
				CLANG_WARN_OBJC_ROOT_CLASS = YES_ERROR;
				CLANG_WARN_UNREACHABLE_CODE = YES;
				CLANG_WARN__DUPLICATE_METHOD_MATCH = YES;
				"CODE_SIGN_IDENTITY[sdk=iphoneos*]" = "iPhone Developer";
				COPY_PHASE_STRIP = NO;
				DEBUG_INFORMATION_FORMAT = dwarf;
				ENABLE_STRICT_OBJC_MSGSEND = YES;
				ENABLE_TESTABILITY = YES;
				GCC_C_LANGUAGE_STANDARD = gnu99;
				GCC_DYNAMIC_NO_PIC = NO;
				GCC_NO_COMMON_BLOCKS = YES;
				GCC_OPTIMIZATION_LEVEL = 0;
				GCC_PREPROCESSOR_DEFINITIONS = (
					"DEBUG=1",
					"$(inherited)",
				);
				GCC_WARN_64_TO_32_BIT_CONVERSION = YES;
				GCC_WARN_ABOUT_RETURN_TYPE = YES_ERROR;
				GCC_WARN_UNDECLARED_SELECTOR = YES;
				GCC_WARN_UNINITIALIZED_AUTOS = YES_AGGRESSIVE;
				GCC_WARN_UNUSED_FUNCTION = YES;
				GCC_WARN_UNUSED_VARIABLE = YES;
				IPHONEOS_DEPLOYMENT_TARGET = 9.2;
				MTL_ENABLE_DEBUG_INFO = YES;
				ONLY_ACTIVE_ARCH = YES;
				SDKROOT = iphoneos;
				TARGETED_DEVICE_FAMILY = "1,2";
			};
			name = Debug;
		};
		8403D67F1C56029400774406 /* Release */ = {
			isa = XCBuildConfiguration;
			buildSettings = {
				ALWAYS_SEARCH_USER_PATHS = NO;
				CLANG_CXX_LANGUAGE_STANDARD = "gnu++0x";
				CLANG_CXX_LIBRARY = "libc++";
				CLANG_ENABLE_MODULES = YES;
				CLANG_ENABLE_OBJC_ARC = YES;
				CLANG_WARN_BOOL_CONVERSION = YES;
				CLANG_WARN_CONSTANT_CONVERSION = YES;
				CLANG_WARN_DIRECT_OBJC_ISA_USAGE = YES_ERROR;
				CLANG_WARN_EMPTY_BODY = YES;
				CLANG_WARN_ENUM_CONVERSION = YES;
				CLANG_WARN_INT_CONVERSION = YES;
				CLANG_WARN_OBJC_ROOT_CLASS = YES_ERROR;
				CLANG_WARN_UNREACHABLE_CODE = YES;
				CLANG_WARN__DUPLICATE_METHOD_MATCH = YES;
				"CODE_SIGN_IDENTITY[sdk=iphoneos*]" = "iPhone Developer";
				COPY_PHASE_STRIP = NO;
				DEBUG_INFORMATION_FORMAT = "dwarf-with-dsym";
				ENABLE_NS_ASSERTIONS = NO;
				ENABLE_STRICT_OBJC_MSGSEND = YES;
				GCC_C_LANGUAGE_STANDARD = gnu99;
				GCC_NO_COMMON_BLOCKS = YES;
				GCC_WARN_64_TO_32_BIT_CONVERSION = YES;
				GCC_WARN_ABOUT_RETURN_TYPE = YES_ERROR;
				GCC_WARN_UNDECLARED_SELECTOR = YES;
				GCC_WARN_UNINITIALIZED_AUTOS = YES_AGGRESSIVE;
				GCC_WARN_UNUSED_FUNCTION = YES;
				GCC_WARN_UNUSED_VARIABLE = YES;
				IPHONEOS_DEPLOYMENT_TARGET = 9.2;
				MTL_ENABLE_DEBUG_INFO = NO;
				SDKROOT = iphoneos;
				TARGETED_DEVICE_FAMILY = "1,2";
				VALIDATE_PRODUCT = YES;
			};
			name = Release;
		};
		8403D6811C56029400774406 /* Debug */ = {
			isa = XCBuildConfiguration;
			baseConfigurationReference = 9C90C1D5945FB2CDFF76E853 /* Pods.debug.xcconfig */;
			buildSettings = {
				ASSETCATALOG_COMPILER_APPICON_NAME = AppIcon;
				INFOPLIST_FILE = TTXMCollectionViewDemo/Info.plist;
				LD_RUNPATH_SEARCH_PATHS = "$(inherited) @executable_path/Frameworks";
				PRODUCT_BUNDLE_IDENTIFIER = com.taitanxiami.TTXMCollectionViewDemo;
				PRODUCT_NAME = "$(TARGET_NAME)";
			};
			name = Debug;
		};
		8403D6821C56029400774406 /* Release */ = {
			isa = XCBuildConfiguration;
			baseConfigurationReference = F03E60B44C3171A5FC6CB518 /* Pods.release.xcconfig */;
			buildSettings = {
				ASSETCATALOG_COMPILER_APPICON_NAME = AppIcon;
				INFOPLIST_FILE = TTXMCollectionViewDemo/Info.plist;
				LD_RUNPATH_SEARCH_PATHS = "$(inherited) @executable_path/Frameworks";
				PRODUCT_BUNDLE_IDENTIFIER = com.taitanxiami.TTXMCollectionViewDemo;
				PRODUCT_NAME = "$(TARGET_NAME)";
			};
			name = Release;
		};
/* End XCBuildConfiguration section */

/* Begin XCConfigurationList section */
		8403D6641C56029400774406 /* Build configuration list for PBXProject "TTXMCollectionViewDemo" */ = {
			isa = XCConfigurationList;
			buildConfigurations = (
				8403D67E1C56029400774406 /* Debug */,
				8403D67F1C56029400774406 /* Release */,
			);
			defaultConfigurationIsVisible = 0;
			defaultConfigurationName = Release;
		};
		8403D6801C56029400774406 /* Build configuration list for PBXNativeTarget "TTXMCollectionViewDemo" */ = {
			isa = XCConfigurationList;
			buildConfigurations = (
				8403D6811C56029400774406 /* Debug */,
				8403D6821C56029400774406 /* Release */,
			);
			defaultConfigurationIsVisible = 0;
			defaultConfigurationName = Release;
		};
/* End XCConfigurationList section */
	};
	rootObject = 8403D6611C56029400774406 /* Project object */;
}
